
Microsoft Visual Studio Solution File, Format Version 12.00
Project("{FAE04EC0-301F-11D3-BF4B-00C04F79EFBC}") = "angrybird_logic", "angrybird_logic.csproj", "{BE0F4CB3-3CD5-4B30-B7F5-6E05D9178E2B}"
EndProject
Project("{FAE04EC0-301F-11D3-BF4B-00C04F79EFBC}") = "View", "View\View.csproj", "{4C576B39-D082-4904-B28B-86C192975F0D}"
EndProject
Project("{FAE04EC0-301F-11D3-BF4B-00C04F79EFBC}") = "Utilities", "Utilities\Utilities.csproj", "{3BA481CC-C592-4166-8253-80A212C87D02}"
EndProject
Global
	GlobalSection(SolutionConfigurationPlatforms) = preSolution
		Debug|Any CPU = Debug|Any CPU
		Release|Any CPU = Release|Any CPU
	EndGlobalSection
	GlobalSection(ProjectConfigurationPlatforms) = postSolution
		{BE0F4CB3-3CD5-4B30-B7F5-6E05D9178E2B}.Debug|Any CPU.ActiveCfg = Debug|Any CPU
		{BE0F4CB3-3CD5-4B30-B7F5-6E05D9178E2B}.Debug|Any CPU.Build.0 = Debug|Any CPU
		{BE0F4CB3-3CD5-4B30-B7F5-6E05D9178E2B}.Release|Any CPU.ActiveCfg = Release|Any CPU
		{BE0F4CB3-3CD5-4B30-B7F5-6E05D9178E2B}.Release|Any CPU.Build.0 = Release|Any CPU
		{4C576B39-D082-4904-B28B-86C192975F0D}.Debug|Any CPU.ActiveCfg = Debug|Any CPU
		{4C576B39-D082-4904-B28B-86C192975F0D}.Debug|Any CPU.Build.0 = Debug|Any CPU
		{4C576B39-D082-4904-B28B-86C192975F0D}.Release|Any CPU.ActiveCfg = Release|Any CPU
		{4C576B39-D082-4904-B28B-86C192975F0D}.Release|Any CPU.Build.0 = Release|Any CPU
		{3BA481CC-C592-4166-8253-80A212C87D02}.Debug|Any CPU.ActiveCfg = Debug|Any CPU
		{3BA481CC-C592-4166-8253-80A212C87D02}.Debug|Any CPU.Build.0 = Debug|Any CPU
		{3BA481CC-C592-4166-8253-80A212C87D02}.Release|Any CPU.ActiveCfg = Release|Any CPU
		{3BA481CC-C592-4166-8253-80A212C87D02}.Release|Any CPU.Build.0 = Release|Any CPU
	EndGlobalSection
EndGlobal
